
Microsoft Visual Studio Solution File, Format Version 12.00
# Visual Studio Version 16
VisualStudioVersion = 16.0.30204.135
MinimumVisualStudioVersion = 10.0.40219.1
Project("{FAE04EC0-301F-11D3-BF4B-00C04F79EFBC}") = "DelegatesDemo", "DelegatesDemo\DelegatesDemo.csproj", "{F4DCE715-E6C0-4B49-9FCF-8B4AC00147AD}"
EndProject
Global
	GlobalSection(SolutionConfigurationPlatforms) = preSolution
		Debug|Any CPU = Debug|Any CPU
		Release|Any CPU = Release|Any CPU
	EndGlobalSection
	GlobalSection(ProjectConfigurationPlatforms) = postSolution
		{F4DCE715-E6C0-4B49-9FCF-8B4AC00147AD}.Debug|Any CPU.ActiveCfg = Debug|Any CPU
		{F4DCE715-E6C0-4B49-9FCF-8B4AC00147AD}.Debug|Any CPU.Build.0 = Debug|Any CPU
		{F4DCE715-E6C0-4B49-9FCF-8B4AC00147AD}.Release|Any CPU.ActiveCfg = Release|Any CPU
		{F4DCE715-E6C0-4B49-9FCF-8B4AC00147AD}.Release|Any CPU.Build.0 = Release|Any CPU
	EndGlobalSection
	GlobalSection(SolutionProperties) = preSolution
		HideSolutionNode = FALSE
	EndGlobalSection
	GlobalSection(ExtensibilityGlobals) = postSolution
		SolutionGuid = {DE6903AE-7E3C-44C0-8112-462AA30F71D2}
	EndGlobalSection
EndGlobal
